{
  "name": "VITE",
  "lockfileVersion": 2,
  "requires": true,
  "packages": {
    "": {
      "dependencies": {
        "workbox-precaching": "^6.5.4"
      }
    },
    "node_modules/workbox-core": {
      "version": "6.5.4",
      "resolved": "https://registry.npmjs.org/workbox-core/-/workbox-core-6.5.4.tgz",
      "integrity": "sha512-OXYb+m9wZm8GrORlV2vBbE5EC1FKu71GGp0H4rjmxmF4/HLbMCoTFws87M3dFwgpmg0v00K++PImpNQ6J5NQ6Q=="
    },
    "node_modules/workbox-precaching": {
      "version": "6.5.4",
      "resolved": "https://registry.npmjs.org/workbox-precaching/-/workbox-precaching-6.5.4.tgz",
      "integrity": "sha512-hSMezMsW6btKnxHB4bFy2Qfwey/8SYdGWvVIKFaUm8vJ4E53JAY+U2JwLTRD8wbLWoP6OVUdFlXsTdKu9yoLTg==",
      "dependencies": {
        "workbox-core": "6.5.4",
        "workbox-routing": "6.5.4",
        "workbox-strategies": "6.5.4"
      }
    },
    "node_modules/workbox-routing": {
      "version": "6.5.4",
      "resolved": "https://registry.npmjs.org/workbox-routing/-/workbox-routing-6.5.4.tgz",
      "integrity": "sha512-apQswLsbrrOsBUWtr9Lf80F+P1sHnQdYodRo32SjiByYi36IDyL2r7BH1lJtFX8fwNHDa1QOVY74WKLLS6o5Pg==",
      "dependencies": {
        "workbox-core": "6.5.4"
      }
    },
    "node_modules/workbox-strategies": {
      "version": "6.5.4",
      "resolved": "https://registry.npmjs.org/workbox-strategies/-/workbox-strategies-6.5.4.tgz",
      "integrity": "sha512-DEtsxhx0LIYWkJBTQolRxG4EI0setTJkqR4m7r4YpBdxtWJH1Mbg01Cj8ZjNOO8etqfA3IZaOPHUxCs8cBsKLw==",
      "dependencies": {
        "workbox-core": "6.5.4"
      }
    }
  },
  "dependencies": {
    "workbox-core": {
      "version": "6.5.4",
      "resolved": "https://registry.npmjs.org/workbox-core/-/workbox-core-6.5.4.tgz",
      "integrity": "sha512-OXYb+m9wZm8GrORlV2vBbE5EC1FKu71GGp0H4rjmxmF4/HLbMCoTFws87M3dFwgpmg0v00K++PImpNQ6J5NQ6Q=="
    },
    "workbox-precaching": {
      "version": "6.5.4",
      "resolved": "https://registry.npmjs.org/workbox-precaching/-/workbox-precaching-6.5.4.tgz",
      "integrity": "sha512-hSMezMsW6btKnxHB4bFy2Qfwey/8SYdGWvVIKFaUm8vJ4E53JAY+U2JwLTRD8wbLWoP6OVUdFlXsTdKu9yoLTg==",
      "requires": {
        "workbox-core": "6.5.4",
        "workbox-routing": "6.5.4",
        "workbox-strategies": "6.5.4"
      }
    },
    "workbox-routing": {
      "version": "6.5.4",
      "resolved": "https://registry.npmjs.org/workbox-routing/-/workbox-routing-6.5.4.tgz",
      "integrity": "sha512-apQswLsbrrOsBUWtr9Lf80F+P1sHnQdYodRo32SjiByYi36IDyL2r7BH1lJtFX8fwNHDa1QOVY74WKLLS6o5Pg==",
      "requires": {
        "workbox-core": "6.5.4"
      }
    },
    "workbox-strategies": {
      "version": "6.5.4",
      "resolved": "https://registry.npmjs.org/workbox-strategies/-/workbox-strategies-6.5.4.tgz",
      "integrity": "sha512-DEtsxhx0LIYWkJBTQolRxG4EI0setTJkqR4m7r4YpBdxtWJH1Mbg01Cj8ZjNOO8etqfA3IZaOPHUxCs8cBsKLw==",
      "requires": {
        "workbox-core": "6.5.4"
      }
    }
  }
}
